
Microsoft Visual Studio Solution File, Format Version 12.00
# Visual Studio Version 16
VisualStudioVersion = 16.0.30330.147
MinimumVisualStudioVersion = 10.0.40219.1
Project("{9A19103F-16F7-4668-BE54-9A1E7A4F7556}") = "Wowthing.Web", apps\web\Wowthing.Web.csproj", "{4054020D-540C-4016-B305-75E372CCEFEA}"
EndProject
Project("{9A19103F-16F7-4668-BE54-9A1E7A4F7556}") = "Wowthing.Lib", "packages\csharp-lib\Wowthing.Lib.csproj", "{C300116D-A6B0-4746-9A91-69764774962F}"
EndProject
Project("{2150E333-8FDC-42A3-9474-1A3956D46DE8}") = "Solution Items", "Solution Items", "{10E37C5C-C824-4C52-B56B-A94CA2BC69A4}"
	ProjectSection(SolutionItems) = preProject
		apps\web\development.Dockerfile = apps\web\development.Dockerfile
		apps\web\Dockerfile = apps\web\Dockerfile
	EndProjectSection
EndProject
Global
	GlobalSection(SolutionConfigurationPlatforms) = preSolution
		Debug|Any CPU = Debug|Any CPU
		Release|Any CPU = Release|Any CPU
	EndGlobalSection
	GlobalSection(ProjectConfigurationPlatforms) = postSolution
		{4054020D-540C-4016-B305-75E372CCEFEA}.Debug|Any CPU.ActiveCfg = Debug|Any CPU
		{4054020D-540C-4016-B305-75E372CCEFEA}.Debug|Any CPU.Build.0 = Debug|Any CPU
		{4054020D-540C-4016-B305-75E372CCEFEA}.Release|Any CPU.ActiveCfg = Release|Any CPU
		{4054020D-540C-4016-B305-75E372CCEFEA}.Release|Any CPU.Build.0 = Release|Any CPU
		{C300116D-A6B0-4746-9A91-69764774962F}.Debug|Any CPU.ActiveCfg = Debug|Any CPU
		{C300116D-A6B0-4746-9A91-69764774962F}.Debug|Any CPU.Build.0 = Debug|Any CPU
		{C300116D-A6B0-4746-9A91-69764774962F}.Release|Any CPU.ActiveCfg = Release|Any CPU
		{C300116D-A6B0-4746-9A91-69764774962F}.Release|Any CPU.Build.0 = Release|Any CPU
	EndGlobalSection
	GlobalSection(SolutionProperties) = preSolution
		HideSolutionNode = FALSE
	EndGlobalSection
	GlobalSection(ExtensibilityGlobals) = postSolution
		SolutionGuid = {0C4BA5B1-49AB-4EAB-82F1-984A59E4C6AB}
	EndGlobalSection
EndGlobal
