
Microsoft Visual Studio Solution File, Format Version 12.00
# Visual Studio 15
VisualStudioVersion = 15.0.26124.0
MinimumVisualStudioVersion = 15.0.26124.0
Project("{FAE04EC0-301F-11D3-BF4B-00C04F79EFBC}") = "Wowthing.Backend", "apps\backend\Wowthing.Backend.csproj", "{D7AFDA0F-752C-403D-8E23-9A9245BBA621}"
EndProject
Project("{FAE04EC0-301F-11D3-BF4B-00C04F79EFBC}") = "Wowthing.Web", "apps\web\Wowthing.Web.csproj", "{33224FA1-A153-4E67-9FEC-9197E82F2553}"
EndProject
Project("{FAE04EC0-301F-11D3-BF4B-00C04F79EFBC}") = "Wowthing.Lib", "packages\csharp-lib\Wowthing.Lib.csproj", "{A63C32CA-81EE-4584-98C2-C5E6D0C61F1F}"
EndProject
Project("{FAE04EC0-301F-11D3-BF4B-00C04F79EFBC}") = "Wowthing.Discord", "apps\discord\Wowthing.Discord.csproj", "{9A86D4C2-4E42-4A03-983B-75D2A2AC48B9}"
EndProject
Project("{FAE04EC0-301F-11D3-BF4B-00C04F79EFBC}") = "Wowthing.Benchmark", "apps\benchmark\Wowthing.Benchmark.csproj", "{2747929E-F2E9-4B1F-84A7-C9B7D44765E4}"
EndProject
Project("{FAE04EC0-301F-11D3-BF4B-00C04F79EFBC}") = "Wowthing.LuaParser", "apps\luaparser\Wowthing.LuaParser.csproj", "{BF4E11FD-CA12-4462-8764-6DD440FEAF38}"
EndProject
Project("{FAE04EC0-301F-11D3-BF4B-00C04F79EFBC}") = "Wowthing.Tool", "apps\tool\Wowthing.Tool.csproj", "{E4F668B3-ED04-4244-917E-362875838FF1}"
EndProject
Global
	GlobalSection(SolutionConfigurationPlatforms) = preSolution
		Debug|Any CPU = Debug|Any CPU
		Debug|x64 = Debug|x64
		Debug|x86 = Debug|x86
		Release|Any CPU = Release|Any CPU
		Release|x64 = Release|x64
		Release|x86 = Release|x86
	EndGlobalSection
	GlobalSection(SolutionProperties) = preSolution
		HideSolutionNode = FALSE
	EndGlobalSection
	GlobalSection(ProjectConfigurationPlatforms) = postSolution
		{D7AFDA0F-752C-403D-8E23-9A9245BBA621}.Debug|Any CPU.ActiveCfg = Debug|Any CPU
		{D7AFDA0F-752C-403D-8E23-9A9245BBA621}.Debug|Any CPU.Build.0 = Debug|Any CPU
		{D7AFDA0F-752C-403D-8E23-9A9245BBA621}.Debug|x64.ActiveCfg = Debug|Any CPU
		{D7AFDA0F-752C-403D-8E23-9A9245BBA621}.Debug|x64.Build.0 = Debug|Any CPU
		{D7AFDA0F-752C-403D-8E23-9A9245BBA621}.Debug|x86.ActiveCfg = Debug|Any CPU
		{D7AFDA0F-752C-403D-8E23-9A9245BBA621}.Debug|x86.Build.0 = Debug|Any CPU
		{D7AFDA0F-752C-403D-8E23-9A9245BBA621}.Release|Any CPU.ActiveCfg = Release|Any CPU
		{D7AFDA0F-752C-403D-8E23-9A9245BBA621}.Release|Any CPU.Build.0 = Release|Any CPU
		{D7AFDA0F-752C-403D-8E23-9A9245BBA621}.Release|x64.ActiveCfg = Release|Any CPU
		{D7AFDA0F-752C-403D-8E23-9A9245BBA621}.Release|x64.Build.0 = Release|Any CPU
		{D7AFDA0F-752C-403D-8E23-9A9245BBA621}.Release|x86.ActiveCfg = Release|Any CPU
		{D7AFDA0F-752C-403D-8E23-9A9245BBA621}.Release|x86.Build.0 = Release|Any CPU
		{A63C32CA-81EE-4584-98C2-C5E6D0C61F1F}.Debug|Any CPU.ActiveCfg = Debug|Any CPU
		{A63C32CA-81EE-4584-98C2-C5E6D0C61F1F}.Debug|Any CPU.Build.0 = Debug|Any CPU
		{A63C32CA-81EE-4584-98C2-C5E6D0C61F1F}.Debug|x64.ActiveCfg = Debug|Any CPU
		{A63C32CA-81EE-4584-98C2-C5E6D0C61F1F}.Debug|x64.Build.0 = Debug|Any CPU
		{A63C32CA-81EE-4584-98C2-C5E6D0C61F1F}.Debug|x86.ActiveCfg = Debug|Any CPU
		{A63C32CA-81EE-4584-98C2-C5E6D0C61F1F}.Debug|x86.Build.0 = Debug|Any CPU
		{A63C32CA-81EE-4584-98C2-C5E6D0C61F1F}.Release|Any CPU.ActiveCfg = Release|Any CPU
		{A63C32CA-81EE-4584-98C2-C5E6D0C61F1F}.Release|Any CPU.Build.0 = Release|Any CPU
		{A63C32CA-81EE-4584-98C2-C5E6D0C61F1F}.Release|x64.ActiveCfg = Release|Any CPU
		{A63C32CA-81EE-4584-98C2-C5E6D0C61F1F}.Release|x64.Build.0 = Release|Any CPU
		{A63C32CA-81EE-4584-98C2-C5E6D0C61F1F}.Release|x86.ActiveCfg = Release|Any CPU
		{A63C32CA-81EE-4584-98C2-C5E6D0C61F1F}.Release|x86.Build.0 = Release|Any CPU
		{33224FA1-A153-4E67-9FEC-9197E82F2553}.Debug|Any CPU.ActiveCfg = Debug|Any CPU
		{33224FA1-A153-4E67-9FEC-9197E82F2553}.Debug|Any CPU.Build.0 = Debug|Any CPU
		{33224FA1-A153-4E67-9FEC-9197E82F2553}.Debug|x64.ActiveCfg = Debug|Any CPU
		{33224FA1-A153-4E67-9FEC-9197E82F2553}.Debug|x64.Build.0 = Debug|Any CPU
		{33224FA1-A153-4E67-9FEC-9197E82F2553}.Debug|x86.ActiveCfg = Debug|Any CPU
		{33224FA1-A153-4E67-9FEC-9197E82F2553}.Debug|x86.Build.0 = Debug|Any CPU
		{33224FA1-A153-4E67-9FEC-9197E82F2553}.Release|Any CPU.ActiveCfg = Release|Any CPU
		{33224FA1-A153-4E67-9FEC-9197E82F2553}.Release|Any CPU.Build.0 = Release|Any CPU
		{33224FA1-A153-4E67-9FEC-9197E82F2553}.Release|x64.ActiveCfg = Release|Any CPU
		{33224FA1-A153-4E67-9FEC-9197E82F2553}.Release|x64.Build.0 = Release|Any CPU
		{33224FA1-A153-4E67-9FEC-9197E82F2553}.Release|x86.ActiveCfg = Release|Any CPU
		{33224FA1-A153-4E67-9FEC-9197E82F2553}.Release|x86.Build.0 = Release|Any CPU
		{9A86D4C2-4E42-4A03-983B-75D2A2AC48B9}.Debug|Any CPU.ActiveCfg = Debug|Any CPU
		{9A86D4C2-4E42-4A03-983B-75D2A2AC48B9}.Debug|Any CPU.Build.0 = Debug|Any CPU
		{9A86D4C2-4E42-4A03-983B-75D2A2AC48B9}.Debug|x64.ActiveCfg = Debug|Any CPU
		{9A86D4C2-4E42-4A03-983B-75D2A2AC48B9}.Debug|x64.Build.0 = Debug|Any CPU
		{9A86D4C2-4E42-4A03-983B-75D2A2AC48B9}.Debug|x86.ActiveCfg = Debug|Any CPU
		{9A86D4C2-4E42-4A03-983B-75D2A2AC48B9}.Debug|x86.Build.0 = Debug|Any CPU
		{9A86D4C2-4E42-4A03-983B-75D2A2AC48B9}.Release|Any CPU.ActiveCfg = Release|Any CPU
		{9A86D4C2-4E42-4A03-983B-75D2A2AC48B9}.Release|Any CPU.Build.0 = Release|Any CPU
		{9A86D4C2-4E42-4A03-983B-75D2A2AC48B9}.Release|x64.ActiveCfg = Release|Any CPU
		{9A86D4C2-4E42-4A03-983B-75D2A2AC48B9}.Release|x64.Build.0 = Release|Any CPU
		{9A86D4C2-4E42-4A03-983B-75D2A2AC48B9}.Release|x86.ActiveCfg = Release|Any CPU
		{9A86D4C2-4E42-4A03-983B-75D2A2AC48B9}.Release|x86.Build.0 = Release|Any CPU
		{2747929E-F2E9-4B1F-84A7-C9B7D44765E4}.Debug|Any CPU.ActiveCfg = Debug|Any CPU
		{2747929E-F2E9-4B1F-84A7-C9B7D44765E4}.Debug|Any CPU.Build.0 = Debug|Any CPU
		{2747929E-F2E9-4B1F-84A7-C9B7D44765E4}.Debug|x64.ActiveCfg = Debug|Any CPU
		{2747929E-F2E9-4B1F-84A7-C9B7D44765E4}.Debug|x64.Build.0 = Debug|Any CPU
		{2747929E-F2E9-4B1F-84A7-C9B7D44765E4}.Debug|x86.ActiveCfg = Debug|Any CPU
		{2747929E-F2E9-4B1F-84A7-C9B7D44765E4}.Debug|x86.Build.0 = Debug|Any CPU
		{2747929E-F2E9-4B1F-84A7-C9B7D44765E4}.Release|Any CPU.ActiveCfg = Release|Any CPU
		{2747929E-F2E9-4B1F-84A7-C9B7D44765E4}.Release|Any CPU.Build.0 = Release|Any CPU
		{2747929E-F2E9-4B1F-84A7-C9B7D44765E4}.Release|x64.ActiveCfg = Release|Any CPU
		{2747929E-F2E9-4B1F-84A7-C9B7D44765E4}.Release|x64.Build.0 = Release|Any CPU
		{2747929E-F2E9-4B1F-84A7-C9B7D44765E4}.Release|x86.ActiveCfg = Release|Any CPU
		{2747929E-F2E9-4B1F-84A7-C9B7D44765E4}.Release|x86.Build.0 = Release|Any CPU
		{BF4E11FD-CA12-4462-8764-6DD440FEAF38}.Debug|Any CPU.ActiveCfg = Debug|Any CPU
		{BF4E11FD-CA12-4462-8764-6DD440FEAF38}.Debug|Any CPU.Build.0 = Debug|Any CPU
		{BF4E11FD-CA12-4462-8764-6DD440FEAF38}.Debug|x64.ActiveCfg = Debug|Any CPU
		{BF4E11FD-CA12-4462-8764-6DD440FEAF38}.Debug|x64.Build.0 = Debug|Any CPU
		{BF4E11FD-CA12-4462-8764-6DD440FEAF38}.Debug|x86.ActiveCfg = Debug|Any CPU
		{BF4E11FD-CA12-4462-8764-6DD440FEAF38}.Debug|x86.Build.0 = Debug|Any CPU
		{BF4E11FD-CA12-4462-8764-6DD440FEAF38}.Release|Any CPU.ActiveCfg = Release|Any CPU
		{BF4E11FD-CA12-4462-8764-6DD440FEAF38}.Release|Any CPU.Build.0 = Release|Any CPU
		{BF4E11FD-CA12-4462-8764-6DD440FEAF38}.Release|x64.ActiveCfg = Release|Any CPU
		{BF4E11FD-CA12-4462-8764-6DD440FEAF38}.Release|x64.Build.0 = Release|Any CPU
		{BF4E11FD-CA12-4462-8764-6DD440FEAF38}.Release|x86.ActiveCfg = Release|Any CPU
		{BF4E11FD-CA12-4462-8764-6DD440FEAF38}.Release|x86.Build.0 = Release|Any CPU
		{E4F668B3-ED04-4244-917E-362875838FF1}.Debug|Any CPU.ActiveCfg = Debug|Any CPU
		{E4F668B3-ED04-4244-917E-362875838FF1}.Debug|Any CPU.Build.0 = Debug|Any CPU
		{E4F668B3-ED04-4244-917E-362875838FF1}.Debug|x64.ActiveCfg = Debug|Any CPU
		{E4F668B3-ED04-4244-917E-362875838FF1}.Debug|x64.Build.0 = Debug|Any CPU
		{E4F668B3-ED04-4244-917E-362875838FF1}.Debug|x86.ActiveCfg = Debug|Any CPU
		{E4F668B3-ED04-4244-917E-362875838FF1}.Debug|x86.Build.0 = Debug|Any CPU
		{E4F668B3-ED04-4244-917E-362875838FF1}.Release|Any CPU.ActiveCfg = Release|Any CPU
		{E4F668B3-ED04-4244-917E-362875838FF1}.Release|Any CPU.Build.0 = Release|Any CPU
		{E4F668B3-ED04-4244-917E-362875838FF1}.Release|x64.ActiveCfg = Release|Any CPU
		{E4F668B3-ED04-4244-917E-362875838FF1}.Release|x64.Build.0 = Release|Any CPU
		{E4F668B3-ED04-4244-917E-362875838FF1}.Release|x86.ActiveCfg = Release|Any CPU
		{E4F668B3-ED04-4244-917E-362875838FF1}.Release|x86.Build.0 = Release|Any CPU
	EndGlobalSection
	GlobalSection(NestedProjects) = preSolution
		{D7AFDA0F-752C-403D-8E23-9A9245BBA621} = {4A6B7D4A-55F9-4CE6-892E-2D42A5E87899}
		{A63C32CA-81EE-4584-98C2-C5E6D0C61F1F} = {4A6B7D4A-55F9-4CE6-892E-2D42A5E87899}
		{33224FA1-A153-4E67-9FEC-9197E82F2553} = {4A6B7D4A-55F9-4CE6-892E-2D42A5E87899}
	EndGlobalSection
EndGlobal
